dependencies:
  idf:
    source:
      type: idf
    version: 5.5.1
  lvgl:
    dependencies: []
    source:
      path: C:\Projects\ESP\PolyCast5\components\lvgl
      type: local
    version: 9.2.2
direct_dependencies:
- idf
- lvgl/lvgl
manifest_hash: 0500ccfdaf77ec2b6bd0835e6f86164226f5f2afb37922cbb637ef1a5fcd069f
target: esp32c5
version: 2.0.0
